// !$*UTF8*$!
{
	archiveVersion = 1;
	classes = {
	};
	objectVersion = 56;
	objects = {

/* Begin PBXBuildFile section */
		617A6CA928EF906300FEBC2B /* RemoteResourceFile.swift in Sources */ = {isa = PBXBuildFile; fileRef = 617A6CA828EF906300FEBC2B /* RemoteResourceFile.swift */; };
		617A6CAB28EF917300FEBC2B /* UIImage+Extensions.swift in Sources */ = {isa = PBXBuildFile; fileRef = 617A6CAA28EF917300FEBC2B /* UIImage+Extensions.swift */; };
		617A6CAD28EF967400FEBC2B /* ImageProvider.swift in Sources */ = {isa = PBXBuildFile; fileRef = 617A6CAC28EF967400FEBC2B /* ImageProvider.swift */; };
		617A6CBE28EF9E3700FEBC2B /* Roboto-Italic.ttf in Resources */ = {isa = PBXBuildFile; fileRef = 617A6CB128EF9E3700FEBC2B /* Roboto-Italic.ttf */; };
		617A6CBF28EF9E3700FEBC2B /* Roboto-ThinItalic.ttf in Resources */ = {isa = PBXBuildFile; fileRef = 617A6CB228EF9E3700FEBC2B /* Roboto-ThinItalic.ttf */; };
		617A6CC028EF9E3700FEBC2B /* Roboto-Thin.ttf in Resources */ = {isa = PBXBuildFile; fileRef = 617A6CB328EF9E3700FEBC2B /* Roboto-Thin.ttf */; };
		617A6CC128EF9E3700FEBC2B /* Roboto-Medium.ttf in Resources */ = {isa = PBXBuildFile; fileRef = 617A6CB428EF9E3700FEBC2B /* Roboto-Medium.ttf */; };
		617A6CC228EF9E3700FEBC2B /* Roboto-BoldItalic.ttf in Resources */ = {isa = PBXBuildFile; fileRef = 617A6CB528EF9E3700FEBC2B /* Roboto-BoldItalic.ttf */; };
		617A6CC328EF9E3700FEBC2B /* Roboto-Black.ttf in Resources */ = {isa = PBXBuildFile; fileRef = 617A6CB628EF9E3700FEBC2B /* Roboto-Black.ttf */; };
		617A6CC428EF9E3700FEBC2B /* Roboto-BlackItalic.ttf in Resources */ = {isa = PBXBuildFile; fileRef = 617A6CB728EF9E3700FEBC2B /* Roboto-BlackItalic.ttf */; };
		617A6CC528EF9E3700FEBC2B /* Roboto-Bold.ttf in Resources */ = {isa = PBXBuildFile; fileRef = 617A6CB828EF9E3700FEBC2B /* Roboto-Bold.ttf */; };
		617A6CC628EF9E3700FEBC2B /* Roboto-MediumItalic.ttf in Resources */ = {isa = PBXBuildFile; fileRef = 617A6CB928EF9E3700FEBC2B /* Roboto-MediumItalic.ttf */; };
		617A6CC828EF9E3700FEBC2B /* Roboto-LightItalic.ttf in Resources */ = {isa = PBXBuildFile; fileRef = 617A6CBB28EF9E3700FEBC2B /* Roboto-LightItalic.ttf */; };
		617A6CC928EF9E3700FEBC2B /* Roboto-Light.ttf in Resources */ = {isa = PBXBuildFile; fileRef = 617A6CBC28EF9E3700FEBC2B /* Roboto-Light.ttf */; };
		617A6CCA28EF9E3700FEBC2B /* Roboto-Regular.ttf in Resources */ = {isa = PBXBuildFile; fileRef = 617A6CBD28EF9E3700FEBC2B /* Roboto-Regular.ttf */; };
		617A6CD528EFA0C800FEBC2B /* RobotoCondensed-Bold.ttf in Resources */ = {isa = PBXBuildFile; fileRef = 617A6CCE28EFA0C700FEBC2B /* RobotoCondensed-Bold.ttf */; };
		617A6CD628EFA0C800FEBC2B /* RobotoCondensed-Light.ttf in Resources */ = {isa = PBXBuildFile; fileRef = 617A6CCF28EFA0C700FEBC2B /* RobotoCondensed-Light.ttf */; };
		617A6CD728EFA0C800FEBC2B /* RobotoCondensed-Italic.ttf in Resources */ = {isa = PBXBuildFile; fileRef = 617A6CD028EFA0C700FEBC2B /* RobotoCondensed-Italic.ttf */; };
		617A6CD828EFA0C800FEBC2B /* RobotoCondensed-BoldItalic.ttf in Resources */ = {isa = PBXBuildFile; fileRef = 617A6CD128EFA0C800FEBC2B /* RobotoCondensed-BoldItalic.ttf */; };
		617A6CD928EFA0C800FEBC2B /* RobotoCondensed-LightItalic.ttf in Resources */ = {isa = PBXBuildFile; fileRef = 617A6CD228EFA0C800FEBC2B /* RobotoCondensed-LightItalic.ttf */; };
		617A6CDA28EFA0C800FEBC2B /* RobotoCondensed-Regular.ttf in Resources */ = {isa = PBXBuildFile; fileRef = 617A6CD328EFA0C800FEBC2B /* RobotoCondensed-Regular.ttf */; };
		617A6CDD28EFA64600FEBC2B /* MainNavigationController.swift in Sources */ = {isa = PBXBuildFile; fileRef = 617A6CDC28EFA64600FEBC2B /* MainNavigationController.swift */; };
		617A6CE128EFACA700FEBC2B /* LoadMoreTableViewCell.swift in Sources */ = {isa = PBXBuildFile; fileRef = 617A6CDF28EFACA700FEBC2B /* LoadMoreTableViewCell.swift */; };
		617A6CE228EFACA700FEBC2B /* LoadMoreTableViewCell.xib in Resources */ = {isa = PBXBuildFile; fileRef = 617A6CE028EFACA700FEBC2B /* LoadMoreTableViewCell.xib */; };
		61DECA7728EB689B008BE420 /* AppDelegate.swift in Sources */ = {isa = PBXBuildFile; fileRef = 61DECA7628EB689B008BE420 /* AppDelegate.swift */; };
		61DECA7928EB689B008BE420 /* SceneDelegate.swift in Sources */ = {isa = PBXBuildFile; fileRef = 61DECA7828EB689B008BE420 /* SceneDelegate.swift */; };
		61DECA7B28EB689B008BE420 /* SplashViewController.swift in Sources */ = {isa = PBXBuildFile; fileRef = 61DECA7A28EB689B008BE420 /* SplashViewController.swift */; };
		61DECA7E28EB689B008BE420 /* Splash.storyboard in Resources */ = {isa = PBXBuildFile; fileRef = 61DECA7C28EB689B008BE420 /* Splash.storyboard */; };
		61DECA8028EB689C008BE420 /* Assets.xcassets in Resources */ = {isa = PBXBuildFile; fileRef = 61DECA7F28EB689C008BE420 /* Assets.xcassets */; };
		61DECA8328EB689C008BE420 /* LaunchScreen.storyboard in Resources */ = {isa = PBXBuildFile; fileRef = 61DECA8128EB689C008BE420 /* LaunchScreen.storyboard */; };
		61DECA8E28EB689C008BE420 /* MarvelExampleTests.swift in Sources */ = {isa = PBXBuildFile; fileRef = 61DECA8D28EB689C008BE420 /* MarvelExampleTests.swift */; };
		61DECA9828EB689C008BE420 /* MarvelExampleUITests.swift in Sources */ = {isa = PBXBuildFile; fileRef = 61DECA9728EB689C008BE420 /* MarvelExampleUITests.swift */; };
		61DECA9A28EB689C008BE420 /* MarvelExampleUITestsLaunchTests.swift in Sources */ = {isa = PBXBuildFile; fileRef = 61DECA9928EB689C008BE420 /* MarvelExampleUITestsLaunchTests.swift */; };
		61DECAAB28EB7207008BE420 /* MainTabBarController.swift in Sources */ = {isa = PBXBuildFile; fileRef = 61DECAAA28EB7207008BE420 /* MainTabBarController.swift */; };
		61DECAAE28EB73AB008BE420 /* CharactersTableViewController.swift in Sources */ = {isa = PBXBuildFile; fileRef = 61DECAAD28EB73AB008BE420 /* CharactersTableViewController.swift */; };
		61DECAB028EB73B9008BE420 /* Characters.storyboard in Resources */ = {isa = PBXBuildFile; fileRef = 61DECAAF28EB73B9008BE420 /* Characters.storyboard */; };
		61DECAB328EE13C0008BE420 /* CharacterTableViewCell.swift in Sources */ = {isa = PBXBuildFile; fileRef = 61DECAB228EE13C0008BE420 /* CharacterTableViewCell.swift */; };
		61DECAB628EE14E0008BE420 /* MarvelAPIClient.swift in Sources */ = {isa = PBXBuildFile; fileRef = 61DECAB528EE14E0008BE420 /* MarvelAPIClient.swift */; };
		61DECAB828EE16D7008BE420 /* MarvelEndpoints.swift in Sources */ = {isa = PBXBuildFile; fileRef = 61DECAB728EE16D7008BE420 /* MarvelEndpoints.swift */; };
		61DECABB28EE19EA008BE420 /* Character.swift in Sources */ = {isa = PBXBuildFile; fileRef = 61DECABA28EE19EA008BE420 /* Character.swift */; };
		61DECABD28EE1A26008BE420 /* MarvelResponse.swift in Sources */ = {isa = PBXBuildFile; fileRef = 61DECABC28EE1A26008BE420 /* MarvelResponse.swift */; };
		61DECAC028EE1CE1008BE420 /* URL+Extensions.swift in Sources */ = {isa = PBXBuildFile; fileRef = 61DECABF28EE1CE1008BE420 /* URL+Extensions.swift */; };
		61DECAC528EE22F0008BE420 /* DataProviders.swift in Sources */ = {isa = PBXBuildFile; fileRef = 61DECAC428EE22F0008BE420 /* DataProviders.swift */; };
		6504BD274B5CCBECAFD08ABA /* Pods_MarvelExample_MarvelExampleUITests.framework in Frameworks */ = {isa = PBXBuildFile; fileRef = F0E094621707DB9B16DF98DC /* Pods_MarvelExample_MarvelExampleUITests.framework */; };
		8C0F937FD35C988F015BD5A0 /* Pods_MarvelExampleTests.framework in Frameworks */ = {isa = PBXBuildFile; fileRef = B3930AC11685F00D0CB06304 /* Pods_MarvelExampleTests.framework */; };
		E7F4D453B038B651495BBA70 /* Pods_MarvelExample.framework in Frameworks */ = {isa = PBXBuildFile; fileRef = EEDFE9728E695546471B04E6 /* Pods_MarvelExample.framework */; };
/* End PBXBuildFile section */

/* Begin PBXContainerItemProxy section */
		61DECA8A28EB689C008BE420 /* PBXContainerItemProxy */ = {
			isa = PBXContainerItemProxy;
			containerPortal = 61DECA6B28EB689B008BE420 /* Project object */;
			proxyType = 1;
			remoteGlobalIDString = 61DECA7228EB689B008BE420;
			remoteInfo = MarvelExample;
		};
		61DECA9428EB689C008BE420 /* PBXContainerItemProxy */ = {
			isa = PBXContainerItemProxy;
			containerPortal = 61DECA6B28EB689B008BE420 /* Project object */;
			proxyType = 1;
			remoteGlobalIDString = 61DECA7228EB689B008BE420;
			remoteInfo = MarvelExample;
		};
/* End PBXContainerItemProxy section */

/* Begin PBXFileReference section */
		16CC2DB93302B8BE09F38F70 /* Pods-MarvelExampleTests.release.xcconfig */ = {isa = PBXFileReference; includeInIndex = 1; lastKnownFileType = text.xcconfig; name = "Pods-MarvelExampleTests.release.xcconfig"; path = "Target Support Files/Pods-MarvelExampleTests/Pods-MarvelExampleTests.release.xcconfig"; sourceTree = "<group>"; };
		617A6CA828EF906300FEBC2B /* RemoteResourceFile.swift */ = {isa = PBXFileReference; lastKnownFileType = sourcecode.swift; path = RemoteResourceFile.swift; sourceTree = "<group>"; };
		617A6CAA28EF917300FEBC2B /* UIImage+Extensions.swift */ = {isa = PBXFileReference; lastKnownFileType = sourcecode.swift; path = "UIImage+Extensions.swift"; sourceTree = "<group>"; };
		617A6CAC28EF967400FEBC2B /* ImageProvider.swift */ = {isa = PBXFileReference; lastKnownFileType = sourcecode.swift; path = ImageProvider.swift; sourceTree = "<group>"; };
		617A6CB128EF9E3700FEBC2B /* Roboto-Italic.ttf */ = {isa = PBXFileReference; lastKnownFileType = file; path = "Roboto-Italic.ttf"; sourceTree = "<group>"; };
		617A6CB228EF9E3700FEBC2B /* Roboto-ThinItalic.ttf */ = {isa = PBXFileReference; lastKnownFileType = file; path = "Roboto-ThinItalic.ttf"; sourceTree = "<group>"; };
		617A6CB328EF9E3700FEBC2B /* Roboto-Thin.ttf */ = {isa = PBXFileReference; lastKnownFileType = file; path = "Roboto-Thin.ttf"; sourceTree = "<group>"; };
		617A6CB428EF9E3700FEBC2B /* Roboto-Medium.ttf */ = {isa = PBXFileReference; lastKnownFileType = file; path = "Roboto-Medium.ttf"; sourceTree = "<group>"; };
		617A6CB528EF9E3700FEBC2B /* Roboto-BoldItalic.ttf */ = {isa = PBXFileReference; lastKnownFileType = file; path = "Roboto-BoldItalic.ttf"; sourceTree = "<group>"; };
		617A6CB628EF9E3700FEBC2B /* Roboto-Black.ttf */ = {isa = PBXFileReference; lastKnownFileType = file; path = "Roboto-Black.ttf"; sourceTree = "<group>"; };
		617A6CB728EF9E3700FEBC2B /* Roboto-BlackItalic.ttf */ = {isa = PBXFileReference; lastKnownFileType = file; path = "Roboto-BlackItalic.ttf"; sourceTree = "<group>"; };
		617A6CB828EF9E3700FEBC2B /* Roboto-Bold.ttf */ = {isa = PBXFileReference; lastKnownFileType = file; path = "Roboto-Bold.ttf"; sourceTree = "<group>"; };
		617A6CB928EF9E3700FEBC2B /* Roboto-MediumItalic.ttf */ = {isa = PBXFileReference; lastKnownFileType = file; path = "Roboto-MediumItalic.ttf"; sourceTree = "<group>"; };
		617A6CBA28EF9E3700FEBC2B /* LICENSE.txt */ = {isa = PBXFileReference; fileEncoding = 4; lastKnownFileType = text; path = LICENSE.txt; sourceTree = "<group>"; };
		617A6CBB28EF9E3700FEBC2B /* Roboto-LightItalic.ttf */ = {isa = PBXFileReference; lastKnownFileType = file; path = "Roboto-LightItalic.ttf"; sourceTree = "<group>"; };
		617A6CBC28EF9E3700FEBC2B /* Roboto-Light.ttf */ = {isa = PBXFileReference; lastKnownFileType = file; path = "Roboto-Light.ttf"; sourceTree = "<group>"; };
		617A6CBD28EF9E3700FEBC2B /* Roboto-Regular.ttf */ = {isa = PBXFileReference; lastKnownFileType = file; path = "Roboto-Regular.ttf"; sourceTree = "<group>"; };
		617A6CCE28EFA0C700FEBC2B /* RobotoCondensed-Bold.ttf */ = {isa = PBXFileReference; lastKnownFileType = file; path = "RobotoCondensed-Bold.ttf"; sourceTree = "<group>"; };
		617A6CCF28EFA0C700FEBC2B /* RobotoCondensed-Light.ttf */ = {isa = PBXFileReference; lastKnownFileType = file; path = "RobotoCondensed-Light.ttf"; sourceTree = "<group>"; };
		617A6CD028EFA0C700FEBC2B /* RobotoCondensed-Italic.ttf */ = {isa = PBXFileReference; lastKnownFileType = file; path = "RobotoCondensed-Italic.ttf"; sourceTree = "<group>"; };
		617A6CD128EFA0C800FEBC2B /* RobotoCondensed-BoldItalic.ttf */ = {isa = PBXFileReference; lastKnownFileType = file; path = "RobotoCondensed-BoldItalic.ttf"; sourceTree = "<group>"; };
		617A6CD228EFA0C800FEBC2B /* RobotoCondensed-LightItalic.ttf */ = {isa = PBXFileReference; lastKnownFileType = file; path = "RobotoCondensed-LightItalic.ttf"; sourceTree = "<group>"; };
		617A6CD328EFA0C800FEBC2B /* RobotoCondensed-Regular.ttf */ = {isa = PBXFileReference; lastKnownFileType = file; path = "RobotoCondensed-Regular.ttf"; sourceTree = "<group>"; };
		617A6CD428EFA0C800FEBC2B /* LICENSE.txt */ = {isa = PBXFileReference; fileEncoding = 4; lastKnownFileType = text; path = LICENSE.txt; sourceTree = "<group>"; };
		617A6CDC28EFA64600FEBC2B /* MainNavigationController.swift */ = {isa = PBXFileReference; lastKnownFileType = sourcecode.swift; path = MainNavigationController.swift; sourceTree = "<group>"; };
		617A6CDF28EFACA700FEBC2B /* LoadMoreTableViewCell.swift */ = {isa = PBXFileReference; lastKnownFileType = sourcecode.swift; path = LoadMoreTableViewCell.swift; sourceTree = "<group>"; };
		617A6CE028EFACA700FEBC2B /* LoadMoreTableViewCell.xib */ = {isa = PBXFileReference; lastKnownFileType = file.xib; path = LoadMoreTableViewCell.xib; sourceTree = "<group>"; };
		61DECA7328EB689B008BE420 /* MarvelExample.app */ = {isa = PBXFileReference; explicitFileType = wrapper.application; includeInIndex = 0; path = MarvelExample.app; sourceTree = BUILT_PRODUCTS_DIR; };
		61DECA7628EB689B008BE420 /* AppDelegate.swift */ = {isa = PBXFileReference; lastKnownFileType = sourcecode.swift; path = AppDelegate.swift; sourceTree = "<group>"; };
		61DECA7828EB689B008BE420 /* SceneDelegate.swift */ = {isa = PBXFileReference; lastKnownFileType = sourcecode.swift; path = SceneDelegate.swift; sourceTree = "<group>"; };
		61DECA7A28EB689B008BE420 /* SplashViewController.swift */ = {isa = PBXFileReference; lastKnownFileType = sourcecode.swift; path = SplashViewController.swift; sourceTree = "<group>"; };
		61DECA7D28EB689B008BE420 /* Base */ = {isa = PBXFileReference; lastKnownFileType = file.storyboard; name = Base; path = Base.lproj/Splash.storyboard; sourceTree = "<group>"; };
		61DECA7F28EB689C008BE420 /* Assets.xcassets */ = {isa = PBXFileReference; lastKnownFileType = folder.assetcatalog; path = Assets.xcassets; sourceTree = "<group>"; };
		61DECA8228EB689C008BE420 /* Base */ = {isa = PBXFileReference; lastKnownFileType = file.storyboard; name = Base; path = Base.lproj/LaunchScreen.storyboard; sourceTree = "<group>"; };
		61DECA8428EB689C008BE420 /* Info.plist */ = {isa = PBXFileReference; lastKnownFileType = text.plist.xml; path = Info.plist; sourceTree = "<group>"; };
		61DECA8928EB689C008BE420 /* MarvelExampleTests.xctest */ = {isa = PBXFileReference; explicitFileType = wrapper.cfbundle; includeInIndex = 0; path = MarvelExampleTests.xctest; sourceTree = BUILT_PRODUCTS_DIR; };
		61DECA8D28EB689C008BE420 /* MarvelExampleTests.swift */ = {isa = PBXFileReference; lastKnownFileType = sourcecode.swift; path = MarvelExampleTests.swift; sourceTree = "<group>"; };
		61DECA9328EB689C008BE420 /* MarvelExampleUITests.xctest */ = {isa = PBXFileReference; explicitFileType = wrapper.cfbundle; includeInIndex = 0; path = MarvelExampleUITests.xctest; sourceTree = BUILT_PRODUCTS_DIR; };
		61DECA9728EB689C008BE420 /* MarvelExampleUITests.swift */ = {isa = PBXFileReference; lastKnownFileType = sourcecode.swift; path = MarvelExampleUITests.swift; sourceTree = "<group>"; };
		61DECA9928EB689C008BE420 /* MarvelExampleUITestsLaunchTests.swift */ = {isa = PBXFileReference; lastKnownFileType = sourcecode.swift; path = MarvelExampleUITestsLaunchTests.swift; sourceTree = "<group>"; };
		61DECAAA28EB7207008BE420 /* MainTabBarController.swift */ = {isa = PBXFileReference; lastKnownFileType = sourcecode.swift; path = MainTabBarController.swift; sourceTree = "<group>"; };
		61DECAAD28EB73AB008BE420 /* CharactersTableViewController.swift */ = {isa = PBXFileReference; lastKnownFileType = sourcecode.swift; path = CharactersTableViewController.swift; sourceTree = "<group>"; };
		61DECAAF28EB73B9008BE420 /* Characters.storyboard */ = {isa = PBXFileReference; lastKnownFileType = file.storyboard; path = Characters.storyboard; sourceTree = "<group>"; };
		61DECAB228EE13C0008BE420 /* CharacterTableViewCell.swift */ = {isa = PBXFileReference; lastKnownFileType = sourcecode.swift; path = CharacterTableViewCell.swift; sourceTree = "<group>"; };
		61DECAB528EE14E0008BE420 /* MarvelAPIClient.swift */ = {isa = PBXFileReference; lastKnownFileType = sourcecode.swift; path = MarvelAPIClient.swift; sourceTree = "<group>"; };
		61DECAB728EE16D7008BE420 /* MarvelEndpoints.swift */ = {isa = PBXFileReference; lastKnownFileType = sourcecode.swift; path = MarvelEndpoints.swift; sourceTree = "<group>"; };
		61DECABA28EE19EA008BE420 /* Character.swift */ = {isa = PBXFileReference; lastKnownFileType = sourcecode.swift; path = Character.swift; sourceTree = "<group>"; };
		61DECABC28EE1A26008BE420 /* MarvelResponse.swift */ = {isa = PBXFileReference; lastKnownFileType = sourcecode.swift; path = MarvelResponse.swift; sourceTree = "<group>"; };
		61DECABF28EE1CE1008BE420 /* URL+Extensions.swift */ = {isa = PBXFileReference; lastKnownFileType = sourcecode.swift; path = "URL+Extensions.swift"; sourceTree = "<group>"; };
		61DECAC428EE22F0008BE420 /* DataProviders.swift */ = {isa = PBXFileReference; lastKnownFileType = sourcecode.swift; path = DataProviders.swift; sourceTree = "<group>"; };
		AE7554B639D7DFD70E45A610 /* Pods-MarvelExample.release.xcconfig */ = {isa = PBXFileReference; includeInIndex = 1; lastKnownFileType = text.xcconfig; name = "Pods-MarvelExample.release.xcconfig"; path = "Target Support Files/Pods-MarvelExample/Pods-MarvelExample.release.xcconfig"; sourceTree = "<group>"; };
		B3930AC11685F00D0CB06304 /* Pods_MarvelExampleTests.framework */ = {isa = PBXFileReference; explicitFileType = wrapper.framework; includeInIndex = 0; path = Pods_MarvelExampleTests.framework; sourceTree = BUILT_PRODUCTS_DIR; };
		D725681A2271BCA013B562CB /* Pods-MarvelExample-MarvelExampleUITests.release.xcconfig */ = {isa = PBXFileReference; includeInIndex = 1; lastKnownFileType = text.xcconfig; name = "Pods-MarvelExample-MarvelExampleUITests.release.xcconfig"; path = "Target Support Files/Pods-MarvelExample-MarvelExampleUITests/Pods-MarvelExample-MarvelExampleUITests.release.xcconfig"; sourceTree = "<group>"; };
		DAE47D79FEDD390727E1ECF8 /* Pods-MarvelExample.debug.xcconfig */ = {isa = PBXFileReference; includeInIndex = 1; lastKnownFileType = text.xcconfig; name = "Pods-MarvelExample.debug.xcconfig"; path = "Target Support Files/Pods-MarvelExample/Pods-MarvelExample.debug.xcconfig"; sourceTree = "<group>"; };
		DAF6629DD93433EA30226C74 /* Pods-MarvelExampleTests.debug.xcconfig */ = {isa = PBXFileReference; includeInIndex = 1; lastKnownFileType = text.xcconfig; name = "Pods-MarvelExampleTests.debug.xcconfig"; path = "Target Support Files/Pods-MarvelExampleTests/Pods-MarvelExampleTests.debug.xcconfig"; sourceTree = "<group>"; };
		E74EB0BFB4E6CB2C8E291DD0 /* Pods-MarvelExample-MarvelExampleUITests.debug.xcconfig */ = {isa = PBXFileReference; includeInIndex = 1; lastKnownFileType = text.xcconfig; name = "Pods-MarvelExample-MarvelExampleUITests.debug.xcconfig"; path = "Target Support Files/Pods-MarvelExample-MarvelExampleUITests/Pods-MarvelExample-MarvelExampleUITests.debug.xcconfig"; sourceTree = "<group>"; };
		EEDFE9728E695546471B04E6 /* Pods_MarvelExample.framework */ = {isa = PBXFileReference; explicitFileType = wrapper.framework; includeInIndex = 0; path = Pods_MarvelExample.framework; sourceTree = BUILT_PRODUCTS_DIR; };
		F0E094621707DB9B16DF98DC /* Pods_MarvelExample_MarvelExampleUITests.framework */ = {isa = PBXFileReference; explicitFileType = wrapper.framework; includeInIndex = 0; path = Pods_MarvelExample_MarvelExampleUITests.framework; sourceTree = BUILT_PRODUCTS_DIR; };
/* End PBXFileReference section */

/* Begin PBXFrameworksBuildPhase section */
		61DECA7028EB689B008BE420 /* Frameworks */ = {
			isa = PBXFrameworksBuildPhase;
			buildActionMask = 2147483647;
			files = (
				E7F4D453B038B651495BBA70 /* Pods_MarvelExample.framework in Frameworks */,
			);
			runOnlyForDeploymentPostprocessing = 0;
		};
		61DECA8628EB689C008BE420 /* Frameworks */ = {
			isa = PBXFrameworksBuildPhase;
			buildActionMask = 2147483647;
			files = (
				8C0F937FD35C988F015BD5A0 /* Pods_MarvelExampleTests.framework in Frameworks */,
			);
			runOnlyForDeploymentPostprocessing = 0;
		};
		61DECA9028EB689C008BE420 /* Frameworks */ = {
			isa = PBXFrameworksBuildPhase;
			buildActionMask = 2147483647;
			files = (
				6504BD274B5CCBECAFD08ABA /* Pods_MarvelExample_MarvelExampleUITests.framework in Frameworks */,
			);
			runOnlyForDeploymentPostprocessing = 0;
		};
/* End PBXFrameworksBuildPhase section */

/* Begin PBXGroup section */
		617A6CAE28EF9E1600FEBC2B /* Resources */ = {
			isa = PBXGroup;
			children = (
				617A6CAF28EF9E2000FEBC2B /* Fonts */,
			);
			path = Resources;
			sourceTree = "<group>";
		};
		617A6CAF28EF9E2000FEBC2B /* Fonts */ = {
			isa = PBXGroup;
			children = (
				617A6CCD28EFA0AE00FEBC2B /* RobotoCondensed */,
				617A6CB028EF9E2700FEBC2B /* Roboto */,
			);
			path = Fonts;
			sourceTree = "<group>";
		};
		617A6CB028EF9E2700FEBC2B /* Roboto */ = {
			isa = PBXGroup;
			children = (
				617A6CBA28EF9E3700FEBC2B /* LICENSE.txt */,
				617A6CB628EF9E3700FEBC2B /* Roboto-Black.ttf */,
				617A6CB728EF9E3700FEBC2B /* Roboto-BlackItalic.ttf */,
				617A6CB828EF9E3700FEBC2B /* Roboto-Bold.ttf */,
				617A6CB528EF9E3700FEBC2B /* Roboto-BoldItalic.ttf */,
				617A6CB128EF9E3700FEBC2B /* Roboto-Italic.ttf */,
				617A6CBC28EF9E3700FEBC2B /* Roboto-Light.ttf */,
				617A6CBB28EF9E3700FEBC2B /* Roboto-LightItalic.ttf */,
				617A6CB428EF9E3700FEBC2B /* Roboto-Medium.ttf */,
				617A6CB928EF9E3700FEBC2B /* Roboto-MediumItalic.ttf */,
				617A6CBD28EF9E3700FEBC2B /* Roboto-Regular.ttf */,
				617A6CB328EF9E3700FEBC2B /* Roboto-Thin.ttf */,
				617A6CB228EF9E3700FEBC2B /* Roboto-ThinItalic.ttf */,
			);
			path = Roboto;
			sourceTree = "<group>";
		};
		617A6CCD28EFA0AE00FEBC2B /* RobotoCondensed */ = {
			isa = PBXGroup;
			children = (
				617A6CD428EFA0C800FEBC2B /* LICENSE.txt */,
				617A6CCE28EFA0C700FEBC2B /* RobotoCondensed-Bold.ttf */,
				617A6CD128EFA0C800FEBC2B /* RobotoCondensed-BoldItalic.ttf */,
				617A6CD028EFA0C700FEBC2B /* RobotoCondensed-Italic.ttf */,
				617A6CCF28EFA0C700FEBC2B /* RobotoCondensed-Light.ttf */,
				617A6CD228EFA0C800FEBC2B /* RobotoCondensed-LightItalic.ttf */,
				617A6CD328EFA0C800FEBC2B /* RobotoCondensed-Regular.ttf */,
			);
			path = RobotoCondensed;
			sourceTree = "<group>";
		};
		617A6CDE28EFAC8D00FEBC2B /* LoadMoreCell */ = {
			isa = PBXGroup;
			children = (
				617A6CDF28EFACA700FEBC2B /* LoadMoreTableViewCell.swift */,
				617A6CE028EFACA700FEBC2B /* LoadMoreTableViewCell.xib */,
			);
			path = LoadMoreCell;
			sourceTree = "<group>";
		};
		61DECA6A28EB689B008BE420 = {
			isa = PBXGroup;
			children = (
				61DECA7528EB689B008BE420 /* MarvelExample */,
				61DECA8C28EB689C008BE420 /* MarvelExampleTests */,
				61DECA9628EB689C008BE420 /* MarvelExampleUITests */,
				61DECA7428EB689B008BE420 /* Products */,
				70BAB506C24638C79D63616A /* Pods */,
				E152243CC5B19BAE771F7971 /* Frameworks */,
			);
			sourceTree = "<group>";
		};
		61DECA7428EB689B008BE420 /* Products */ = {
			isa = PBXGroup;
			children = (
				61DECA7328EB689B008BE420 /* MarvelExample.app */,
				61DECA8928EB689C008BE420 /* MarvelExampleTests.xctest */,
				61DECA9328EB689C008BE420 /* MarvelExampleUITests.xctest */,
			);
			name = Products;
			sourceTree = "<group>";
		};
		61DECA7528EB689B008BE420 /* MarvelExample */ = {
			isa = PBXGroup;
			children = (
				617A6CAE28EF9E1600FEBC2B /* Resources */,
				61DECABE28EE1CD4008BE420 /* Extensions */,
				61DECAB928EE19DD008BE420 /* Model */,
				61DECAB428EE14CB008BE420 /* Networking */,
				61DECAA728EB6CA0008BE420 /* ViewControllers */,
				61DECAA628EB6C8A008BE420 /* Views */,
				61DECA7628EB689B008BE420 /* AppDelegate.swift */,
				61DECA7828EB689B008BE420 /* SceneDelegate.swift */,
				61DECA7F28EB689C008BE420 /* Assets.xcassets */,
				61DECA8128EB689C008BE420 /* LaunchScreen.storyboard */,
				61DECA7C28EB689B008BE420 /* Splash.storyboard */,
				61DECA8428EB689C008BE420 /* Info.plist */,
			);
			path = MarvelExample;
			sourceTree = "<group>";
		};
		61DECA8C28EB689C008BE420 /* MarvelExampleTests */ = {
			isa = PBXGroup;
			children = (
				61DECA8D28EB689C008BE420 /* MarvelExampleTests.swift */,
			);
			path = MarvelExampleTests;
			sourceTree = "<group>";
		};
		61DECA9628EB689C008BE420 /* MarvelExampleUITests */ = {
			isa = PBXGroup;
			children = (
				61DECA9728EB689C008BE420 /* MarvelExampleUITests.swift */,
				61DECA9928EB689C008BE420 /* MarvelExampleUITestsLaunchTests.swift */,
			);
			path = MarvelExampleUITests;
			sourceTree = "<group>";
		};
		61DECAA628EB6C8A008BE420 /* Views */ = {
			isa = PBXGroup;
			children = (
				617A6CDE28EFAC8D00FEBC2B /* LoadMoreCell */,
				61DECAB128EE139E008BE420 /* Characters */,
			);
			path = Views;
			sourceTree = "<group>";
		};
		61DECAA728EB6CA0008BE420 /* ViewControllers */ = {
			isa = PBXGroup;
			children = (
				61DECAAC28EB725F008BE420 /* Characters */,
				61DECAA928EB71CE008BE420 /* Main */,
				61DECAA828EB6E96008BE420 /* Splash */,
			);
			path = ViewControllers;
			sourceTree = "<group>";
		};
		61DECAA828EB6E96008BE420 /* Splash */ = {
			isa = PBXGroup;
			children = (
				61DECA7A28EB689B008BE420 /* SplashViewController.swift */,
			);
			path = Splash;
			sourceTree = "<group>";
		};
		61DECAA928EB71CE008BE420 /* Main */ = {
			isa = PBXGroup;
			children = (
				61DECAAA28EB7207008BE420 /* MainTabBarController.swift */,
				617A6CDC28EFA64600FEBC2B /* MainNavigationController.swift */,
			);
			path = Main;
			sourceTree = "<group>";
		};
		61DECAAC28EB725F008BE420 /* Characters */ = {
			isa = PBXGroup;
			children = (
				61DECAAD28EB73AB008BE420 /* CharactersTableViewController.swift */,
				61DECAAF28EB73B9008BE420 /* Characters.storyboard */,
			);
			path = Characters;
			sourceTree = "<group>";
		};
		61DECAB128EE139E008BE420 /* Characters */ = {
			isa = PBXGroup;
			children = (
				61DECAB228EE13C0008BE420 /* CharacterTableViewCell.swift */,
			);
			path = Characters;
			sourceTree = "<group>";
		};
		61DECAB428EE14CB008BE420 /* Networking */ = {
			isa = PBXGroup;
			children = (
				61DECAC128EE1FAF008BE420 /* DataProviders */,
				61DECAB528EE14E0008BE420 /* MarvelAPIClient.swift */,
				61DECAB728EE16D7008BE420 /* MarvelEndpoints.swift */,
			);
			path = Networking;
			sourceTree = "<group>";
		};
		61DECAB928EE19DD008BE420 /* Model */ = {
			isa = PBXGroup;
			children = (
				61DECABA28EE19EA008BE420 /* Character.swift */,
				61DECABC28EE1A26008BE420 /* MarvelResponse.swift */,
				617A6CA828EF906300FEBC2B /* RemoteResourceFile.swift */,
			);
			path = Model;
			sourceTree = "<group>";
		};
		61DECABE28EE1CD4008BE420 /* Extensions */ = {
			isa = PBXGroup;
			children = (
				61DECABF28EE1CE1008BE420 /* URL+Extensions.swift */,
				617A6CAA28EF917300FEBC2B /* UIImage+Extensions.swift */,
			);
			path = Extensions;
			sourceTree = "<group>";
		};
		61DECAC128EE1FAF008BE420 /* DataProviders */ = {
			isa = PBXGroup;
			children = (
				61DECAC428EE22F0008BE420 /* DataProviders.swift */,
				617A6CAC28EF967400FEBC2B /* ImageProvider.swift */,
			);
			path = DataProviders;
			sourceTree = "<group>";
		};
		70BAB506C24638C79D63616A /* Pods */ = {
			isa = PBXGroup;
			children = (
				DAE47D79FEDD390727E1ECF8 /* Pods-MarvelExample.debug.xcconfig */,
				AE7554B639D7DFD70E45A610 /* Pods-MarvelExample.release.xcconfig */,
				E74EB0BFB4E6CB2C8E291DD0 /* Pods-MarvelExample-MarvelExampleUITests.debug.xcconfig */,
				D725681A2271BCA013B562CB /* Pods-MarvelExample-MarvelExampleUITests.release.xcconfig */,
				DAF6629DD93433EA30226C74 /* Pods-MarvelExampleTests.debug.xcconfig */,
				16CC2DB93302B8BE09F38F70 /* Pods-MarvelExampleTests.release.xcconfig */,
			);
			path = Pods;
			sourceTree = "<group>";
		};
		E152243CC5B19BAE771F7971 /* Frameworks */ = {
			isa = PBXGroup;
			children = (
				EEDFE9728E695546471B04E6 /* Pods_MarvelExample.framework */,
				F0E094621707DB9B16DF98DC /* Pods_MarvelExample_MarvelExampleUITests.framework */,
				B3930AC11685F00D0CB06304 /* Pods_MarvelExampleTests.framework */,
			);
			name = Frameworks;
			sourceTree = "<group>";
		};
/* End PBXGroup section */

/* Begin PBXNativeTarget section */
		61DECA7228EB689B008BE420 /* MarvelExample */ = {
			isa = PBXNativeTarget;
			buildConfigurationList = 61DECA9D28EB689C008BE420 /* Build configuration list for PBXNativeTarget "MarvelExample" */;
			buildPhases = (
				944B1E286D3FBD8147840A68 /* [CP] Check Pods Manifest.lock */,
				61DECA6F28EB689B008BE420 /* Sources */,
				61DECA7028EB689B008BE420 /* Frameworks */,
				61DECA7128EB689B008BE420 /* Resources */,
				2E685C0FC8CA37A4C7D02C80 /* [CP] Embed Pods Frameworks */,
			);
			buildRules = (
			);
			dependencies = (
			);
			name = MarvelExample;
			productName = MarvelExample;
			productReference = 61DECA7328EB689B008BE420 /* MarvelExample.app */;
			productType = "com.apple.product-type.application";
		};
		61DECA8828EB689C008BE420 /* MarvelExampleTests */ = {
			isa = PBXNativeTarget;
			buildConfigurationList = 61DECAA028EB689C008BE420 /* Build configuration list for PBXNativeTarget "MarvelExampleTests" */;
			buildPhases = (
				90AC7A1FF9AC03CFD7015994 /* [CP] Check Pods Manifest.lock */,
				61DECA8528EB689C008BE420 /* Sources */,
				61DECA8628EB689C008BE420 /* Frameworks */,
				61DECA8728EB689C008BE420 /* Resources */,
			);
			buildRules = (
			);
			dependencies = (
				61DECA8B28EB689C008BE420 /* PBXTargetDependency */,
			);
			name = MarvelExampleTests;
			productName = MarvelExampleTests;
			productReference = 61DECA8928EB689C008BE420 /* MarvelExampleTests.xctest */;
			productType = "com.apple.product-type.bundle.unit-test";
		};
		61DECA9228EB689C008BE420 /* MarvelExampleUITests */ = {
			isa = PBXNativeTarget;
			buildConfigurationList = 61DECAA328EB689C008BE420 /* Build configuration list for PBXNativeTarget "MarvelExampleUITests" */;
			buildPhases = (
				E91098F444BEDACD8BF35C62 /* [CP] Check Pods Manifest.lock */,
				61DECA8F28EB689C008BE420 /* Sources */,
				61DECA9028EB689C008BE420 /* Frameworks */,
				61DECA9128EB689C008BE420 /* Resources */,
				F8C93F3CDE2D20CD1315B92F /* [CP] Embed Pods Frameworks */,
			);
			buildRules = (
			);
			dependencies = (
				61DECA9528EB689C008BE420 /* PBXTargetDependency */,
			);
			name = MarvelExampleUITests;
			productName = MarvelExampleUITests;
			productReference = 61DECA9328EB689C008BE420 /* MarvelExampleUITests.xctest */;
			productType = "com.apple.product-type.bundle.ui-testing";
		};
/* End PBXNativeTarget section */

/* Begin PBXProject section */
		61DECA6B28EB689B008BE420 /* Project object */ = {
			isa = PBXProject;
			attributes = {
				BuildIndependentTargetsInParallel = 1;
				LastSwiftUpdateCheck = 1400;
				LastUpgradeCheck = 1400;
				TargetAttributes = {
					61DECA7228EB689B008BE420 = {
						CreatedOnToolsVersion = 14.0.1;
					};
					61DECA8828EB689C008BE420 = {
						CreatedOnToolsVersion = 14.0.1;
						TestTargetID = 61DECA7228EB689B008BE420;
					};
					61DECA9228EB689C008BE420 = {
						CreatedOnToolsVersion = 14.0.1;
						TestTargetID = 61DECA7228EB689B008BE420;
					};
				};
			};
			buildConfigurationList = 61DECA6E28EB689B008BE420 /* Build configuration list for PBXProject "MarvelExample" */;
			compatibilityVersion = "Xcode 14.0";
			developmentRegion = en;
			hasScannedForEncodings = 0;
			knownRegions = (
				en,
				Base,
			);
			mainGroup = 61DECA6A28EB689B008BE420;
			productRefGroup = 61DECA7428EB689B008BE420 /* Products */;
			projectDirPath = "";
			projectRoot = "";
			targets = (
				61DECA7228EB689B008BE420 /* MarvelExample */,
				61DECA8828EB689C008BE420 /* MarvelExampleTests */,
				61DECA9228EB689C008BE420 /* MarvelExampleUITests */,
			);
		};
/* End PBXProject section */

/* Begin PBXResourcesBuildPhase section */
		61DECA7128EB689B008BE420 /* Resources */ = {
			isa = PBXResourcesBuildPhase;
			buildActionMask = 2147483647;
			files = (
				617A6CC228EF9E3700FEBC2B /* Roboto-BoldItalic.ttf in Resources */,
				617A6CC128EF9E3700FEBC2B /* Roboto-Medium.ttf in Resources */,
				617A6CD928EFA0C800FEBC2B /* RobotoCondensed-LightItalic.ttf in Resources */,
				617A6CC828EF9E3700FEBC2B /* Roboto-LightItalic.ttf in Resources */,
				617A6CC628EF9E3700FEBC2B /* Roboto-MediumItalic.ttf in Resources */,
				617A6CE228EFACA700FEBC2B /* LoadMoreTableViewCell.xib in Resources */,
				617A6CC528EF9E3700FEBC2B /* Roboto-Bold.ttf in Resources */,
				617A6CC028EF9E3700FEBC2B /* Roboto-Thin.ttf in Resources */,
				617A6CC928EF9E3700FEBC2B /* Roboto-Light.ttf in Resources */,
				617A6CBF28EF9E3700FEBC2B /* Roboto-ThinItalic.ttf in Resources */,
				617A6CD628EFA0C800FEBC2B /* RobotoCondensed-Light.ttf in Resources */,
				617A6CD728EFA0C800FEBC2B /* RobotoCondensed-Italic.ttf in Resources */,
				617A6CDA28EFA0C800FEBC2B /* RobotoCondensed-Regular.ttf in Resources */,
				61DECAB028EB73B9008BE420 /* Characters.storyboard in Resources */,
				61DECA8328EB689C008BE420 /* LaunchScreen.storyboard in Resources */,
				617A6CC428EF9E3700FEBC2B /* Roboto-BlackItalic.ttf in Resources */,
				617A6CD828EFA0C800FEBC2B /* RobotoCondensed-BoldItalic.ttf in Resources */,
				617A6CD528EFA0C800FEBC2B /* RobotoCondensed-Bold.ttf in Resources */,
				617A6CBE28EF9E3700FEBC2B /* Roboto-Italic.ttf in Resources */,
				617A6CC328EF9E3700FEBC2B /* Roboto-Black.ttf in Resources */,
				617A6CCA28EF9E3700FEBC2B /* Roboto-Regular.ttf in Resources */,
				61DECA8028EB689C008BE420 /* Assets.xcassets in Resources */,
				61DECA7E28EB689B008BE420 /* Splash.storyboard in Resources */,
			);
			runOnlyForDeploymentPostprocessing = 0;
		};
		61DECA8728EB689C008BE420 /* Resources */ = {
			isa = PBXResourcesBuildPhase;
			buildActionMask = 2147483647;
			files = (
			);
			runOnlyForDeploymentPostprocessing = 0;
		};
		61DECA9128EB689C008BE420 /* Resources */ = {
			isa = PBXResourcesBuildPhase;
			buildActionMask = 2147483647;
			files = (
			);
			runOnlyForDeploymentPostprocessing = 0;
		};
/* End PBXResourcesBuildPhase section */

/* Begin PBXShellScriptBuildPhase section */
		2E685C0FC8CA37A4C7D02C80 /* [CP] Embed Pods Frameworks */ = {
			isa = PBXShellScriptBuildPhase;
			buildActionMask = 2147483647;
			files = (
			);
			inputFileListPaths = (
				"${PODS_ROOT}/Target Support Files/Pods-MarvelExample/Pods-MarvelExample-frameworks-${CONFIGURATION}-input-files.xcfilelist",
			);
			name = "[CP] Embed Pods Frameworks";
			outputFileListPaths = (
				"${PODS_ROOT}/Target Support Files/Pods-MarvelExample/Pods-MarvelExample-frameworks-${CONFIGURATION}-output-files.xcfilelist",
			);
			runOnlyForDeploymentPostprocessing = 0;
			shellPath = /bin/sh;
			shellScript = "\"${PODS_ROOT}/Target Support Files/Pods-MarvelExample/Pods-MarvelExample-frameworks.sh\"\n";
			showEnvVarsInLog = 0;
		};
		90AC7A1FF9AC03CFD7015994 /* [CP] Check Pods Manifest.lock */ = {
			isa = PBXShellScriptBuildPhase;
			buildActionMask = 2147483647;
			files = (
			);
			inputFileListPaths = (
			);
			inputPaths = (
				"${PODS_PODFILE_DIR_PATH}/Podfile.lock",
				"${PODS_ROOT}/Manifest.lock",
			);
			name = "[CP] Check Pods Manifest.lock";
			outputFileListPaths = (
			);
			outputPaths = (
				"$(DERIVED_FILE_DIR)/Pods-MarvelExampleTests-checkManifestLockResult.txt",
			);
			runOnlyForDeploymentPostprocessing = 0;
			shellPath = /bin/sh;
			shellScript = "diff \"${PODS_PODFILE_DIR_PATH}/Podfile.lock\" \"${PODS_ROOT}/Manifest.lock\" > /dev/null\nif [ $? != 0 ] ; then\n    # print error to STDERR\n    echo \"error: The sandbox is not in sync with the Podfile.lock. Run 'pod install' or update your CocoaPods installation.\" >&2\n    exit 1\nfi\n# This output is used by Xcode 'outputs' to avoid re-running this script phase.\necho \"SUCCESS\" > \"${SCRIPT_OUTPUT_FILE_0}\"\n";
			showEnvVarsInLog = 0;
		};
		944B1E286D3FBD8147840A68 /* [CP] Check Pods Manifest.lock */ = {
			isa = PBXShellScriptBuildPhase;
			buildActionMask = 2147483647;
			files = (
			);
			inputFileListPaths = (
			);
			inputPaths = (
				"${PODS_PODFILE_DIR_PATH}/Podfile.lock",
				"${PODS_ROOT}/Manifest.lock",
			);
			name = "[CP] Check Pods Manifest.lock";
			outputFileListPaths = (
			);
			outputPaths = (
				"$(DERIVED_FILE_DIR)/Pods-MarvelExample-checkManifestLockResult.txt",
			);
			runOnlyForDeploymentPostprocessing = 0;
			shellPath = /bin/sh;
			shellScript = "diff \"${PODS_PODFILE_DIR_PATH}/Podfile.lock\" \"${PODS_ROOT}/Manifest.lock\" > /dev/null\nif [ $? != 0 ] ; then\n    # print error to STDERR\n    echo \"error: The sandbox is not in sync with the Podfile.lock. Run 'pod install' or update your CocoaPods installation.\" >&2\n    exit 1\nfi\n# This output is used by Xcode 'outputs' to avoid re-running this script phase.\necho \"SUCCESS\" > \"${SCRIPT_OUTPUT_FILE_0}\"\n";
			showEnvVarsInLog = 0;
		};
		E91098F444BEDACD8BF35C62 /* [CP] Check Pods Manifest.lock */ = {
			isa = PBXShellScriptBuildPhase;
			buildActionMask = 2147483647;
			files = (
			);
			inputFileListPaths = (
			);
			inputPaths = (
				"${PODS_PODFILE_DIR_PATH}/Podfile.lock",
				"${PODS_ROOT}/Manifest.lock",
			);
			name = "[CP] Check Pods Manifest.lock";
			outputFileListPaths = (
			);
			outputPaths = (
				"$(DERIVED_FILE_DIR)/Pods-MarvelExample-MarvelExampleUITests-checkManifestLockResult.txt",
			);
			runOnlyForDeploymentPostprocessing = 0;
			shellPath = /bin/sh;
			shellScript = "diff \"${PODS_PODFILE_DIR_PATH}/Podfile.lock\" \"${PODS_ROOT}/Manifest.lock\" > /dev/null\nif [ $? != 0 ] ; then\n    # print error to STDERR\n    echo \"error: The sandbox is not in sync with the Podfile.lock. Run 'pod install' or update your CocoaPods installation.\" >&2\n    exit 1\nfi\n# This output is used by Xcode 'outputs' to avoid re-running this script phase.\necho \"SUCCESS\" > \"${SCRIPT_OUTPUT_FILE_0}\"\n";
			showEnvVarsInLog = 0;
		};
		F8C93F3CDE2D20CD1315B92F /* [CP] Embed Pods Frameworks */ = {
			isa = PBXShellScriptBuildPhase;
			buildActionMask = 2147483647;
			files = (
			);
			inputFileListPaths = (
				"${PODS_ROOT}/Target Support Files/Pods-MarvelExample-MarvelExampleUITests/Pods-MarvelExample-MarvelExampleUITests-frameworks-${CONFIGURATION}-input-files.xcfilelist",
			);
			name = "[CP] Embed Pods Frameworks";
			outputFileListPaths = (
				"${PODS_ROOT}/Target Support Files/Pods-MarvelExample-MarvelExampleUITests/Pods-MarvelExample-MarvelExampleUITests-frameworks-${CONFIGURATION}-output-files.xcfilelist",
			);
			runOnlyForDeploymentPostprocessing = 0;
			shellPath = /bin/sh;
			shellScript = "\"${PODS_ROOT}/Target Support Files/Pods-MarvelExample-MarvelExampleUITests/Pods-MarvelExample-MarvelExampleUITests-frameworks.sh\"\n";
			showEnvVarsInLog = 0;
		};
/* End PBXShellScriptBuildPhase section */

/* Begin PBXSourcesBuildPhase section */
		61DECA6F28EB689B008BE420 /* Sources */ = {
			isa = PBXSourcesBuildPhase;
			buildActionMask = 2147483647;
			files = (
				61DECAC028EE1CE1008BE420 /* URL+Extensions.swift in Sources */,
				61DECABB28EE19EA008BE420 /* Character.swift in Sources */,
				617A6CDD28EFA64600FEBC2B /* MainNavigationController.swift in Sources */,
				61DECA7B28EB689B008BE420 /* SplashViewController.swift in Sources */,
				617A6CAB28EF917300FEBC2B /* UIImage+Extensions.swift in Sources */,
				61DECAB628EE14E0008BE420 /* MarvelAPIClient.swift in Sources */,
				617A6CAD28EF967400FEBC2B /* ImageProvider.swift in Sources */,
				617A6CA928EF906300FEBC2B /* RemoteResourceFile.swift in Sources */,
				61DECABD28EE1A26008BE420 /* MarvelResponse.swift in Sources */,
				61DECAAE28EB73AB008BE420 /* CharactersTableViewController.swift in Sources */,
				61DECAB828EE16D7008BE420 /* MarvelEndpoints.swift in Sources */,
				61DECA7728EB689B008BE420 /* AppDelegate.swift in Sources */,
				61DECAAB28EB7207008BE420 /* MainTabBarController.swift in Sources */,
				617A6CE128EFACA700FEBC2B /* LoadMoreTableViewCell.swift in Sources */,
				61DECA7928EB689B008BE420 /* SceneDelegate.swift in Sources */,
				61DECAB328EE13C0008BE420 /* CharacterTableViewCell.swift in Sources */,
				61DECAC528EE22F0008BE420 /* DataProviders.swift in Sources */,
			);
			runOnlyForDeploymentPostprocessing = 0;
		};
		61DECA8528EB689C008BE420 /* Sources */ = {
			isa = PBXSourcesBuildPhase;
			buildActionMask = 2147483647;
			files = (
				61DECA8E28EB689C008BE420 /* MarvelExampleTests.swift in Sources */,
			);
			runOnlyForDeploymentPostprocessing = 0;
		};
		61DECA8F28EB689C008BE420 /* Sources */ = {
			isa = PBXSourcesBuildPhase;
			buildActionMask = 2147483647;
			files = (
				61DECA9A28EB689C008BE420 /* MarvelExampleUITestsLaunchTests.swift in Sources */,
				61DECA9828EB689C008BE420 /* MarvelExampleUITests.swift in Sources */,
			);
			runOnlyForDeploymentPostprocessing = 0;
		};
/* End PBXSourcesBuildPhase section */

/* Begin PBXTargetDependency section */
		61DECA8B28EB689C008BE420 /* PBXTargetDependency */ = {
			isa = PBXTargetDependency;
			target = 61DECA7228EB689B008BE420 /* MarvelExample */;
			targetProxy = 61DECA8A28EB689C008BE420 /* PBXContainerItemProxy */;
		};
		61DECA9528EB689C008BE420 /* PBXTargetDependency */ = {
			isa = PBXTargetDependency;
			target = 61DECA7228EB689B008BE420 /* MarvelExample */;
			targetProxy = 61DECA9428EB689C008BE420 /* PBXContainerItemProxy */;
		};
/* End PBXTargetDependency section */

/* Begin PBXVariantGroup section */
		61DECA7C28EB689B008BE420 /* Splash.storyboard */ = {
			isa = PBXVariantGroup;
			children = (
				61DECA7D28EB689B008BE420 /* Base */,
			);
			name = Splash.storyboard;
			sourceTree = "<group>";
		};
		61DECA8128EB689C008BE420 /* LaunchScreen.storyboard */ = {
			isa = PBXVariantGroup;
			children = (
				61DECA8228EB689C008BE420 /* Base */,
			);
			name = LaunchScreen.storyboard;
			sourceTree = "<group>";
		};
/* End PBXVariantGroup section */

/* Begin XCBuildConfiguration section */
		61DECA9B28EB689C008BE420 /* Debug */ = {
			isa = XCBuildConfiguration;
			buildSettings = {
				ALWAYS_SEARCH_USER_PATHS = NO;
				CLANG_ANALYZER_NONNULL = YES;
				CLANG_ANALYZER_NUMBER_OBJECT_CONVERSION = YES_AGGRESSIVE;
				CLANG_CXX_LANGUAGE_STANDARD = "gnu++20";
				CLANG_ENABLE_MODULES = YES;
				CLANG_ENABLE_OBJC_ARC = YES;
				CLANG_ENABLE_OBJC_WEAK = YES;
				CLANG_WARN_BLOCK_CAPTURE_AUTORELEASING = YES;
				CLANG_WARN_BOOL_CONVERSION = YES;
				CLANG_WARN_COMMA = YES;
				CLANG_WARN_CONSTANT_CONVERSION = YES;
				CLANG_WARN_DEPRECATED_OBJC_IMPLEMENTATIONS = YES;
				CLANG_WARN_DIRECT_OBJC_ISA_USAGE = YES_ERROR;
				CLANG_WARN_DOCUMENTATION_COMMENTS = YES;
				CLANG_WARN_EMPTY_BODY = YES;
				CLANG_WARN_ENUM_CONVERSION = YES;
				CLANG_WARN_INFINITE_RECURSION = YES;
				CLANG_WARN_INT_CONVERSION = YES;
				CLANG_WARN_NON_LITERAL_NULL_CONVERSION = YES;
				CLANG_WARN_OBJC_IMPLICIT_RETAIN_SELF = YES;
				CLANG_WARN_OBJC_LITERAL_CONVERSION = YES;
				CLANG_WARN_OBJC_ROOT_CLASS = YES_ERROR;
				CLANG_WARN_QUOTED_INCLUDE_IN_FRAMEWORK_HEADER = YES;
				CLANG_WARN_RANGE_LOOP_ANALYSIS = YES;
				CLANG_WARN_STRICT_PROTOTYPES = YES;
				CLANG_WARN_SUSPICIOUS_MOVE = YES;
				CLANG_WARN_UNGUARDED_AVAILABILITY = YES_AGGRESSIVE;
				CLANG_WARN_UNREACHABLE_CODE = YES;
				CLANG_WARN__DUPLICATE_METHOD_MATCH = YES;
				COPY_PHASE_STRIP = NO;
				DEBUG_INFORMATION_FORMAT = dwarf;
				ENABLE_STRICT_OBJC_MSGSEND = YES;
				ENABLE_TESTABILITY = YES;
				GCC_C_LANGUAGE_STANDARD = gnu11;
				GCC_DYNAMIC_NO_PIC = NO;
				GCC_NO_COMMON_BLOCKS = YES;
				GCC_OPTIMIZATION_LEVEL = 0;
				GCC_PREPROCESSOR_DEFINITIONS = (
					"DEBUG=1",
					"$(inherited)",
				);
				GCC_WARN_64_TO_32_BIT_CONVERSION = YES;
				GCC_WARN_ABOUT_RETURN_TYPE = YES_ERROR;
				GCC_WARN_UNDECLARED_SELECTOR = YES;
				GCC_WARN_UNINITIALIZED_AUTOS = YES_AGGRESSIVE;
				GCC_WARN_UNUSED_FUNCTION = YES;
				GCC_WARN_UNUSED_VARIABLE = YES;
				IPHONEOS_DEPLOYMENT_TARGET = 16.0;
				MTL_ENABLE_DEBUG_INFO = INCLUDE_SOURCE;
				MTL_FAST_MATH = YES;
				ONLY_ACTIVE_ARCH = YES;
				SDKROOT = iphoneos;
				SWIFT_ACTIVE_COMPILATION_CONDITIONS = DEBUG;
				SWIFT_OPTIMIZATION_LEVEL = "-Onone";
			};
			name = Debug;
		};
		61DECA9C28EB689C008BE420 /* Release */ = {
			isa = XCBuildConfiguration;
			buildSettings = {
				ALWAYS_SEARCH_USER_PATHS = NO;
				CLANG_ANALYZER_NONNULL = YES;
				CLANG_ANALYZER_NUMBER_OBJECT_CONVERSION = YES_AGGRESSIVE;
				CLANG_CXX_LANGUAGE_STANDARD = "gnu++20";
				CLANG_ENABLE_MODULES = YES;
				CLANG_ENABLE_OBJC_ARC = YES;
				CLANG_ENABLE_OBJC_WEAK = YES;
				CLANG_WARN_BLOCK_CAPTURE_AUTORELEASING = YES;
				CLANG_WARN_BOOL_CONVERSION = YES;
				CLANG_WARN_COMMA = YES;
				CLANG_WARN_CONSTANT_CONVERSION = YES;
				CLANG_WARN_DEPRECATED_OBJC_IMPLEMENTATIONS = YES;
				CLANG_WARN_DIRECT_OBJC_ISA_USAGE = YES_ERROR;
				CLANG_WARN_DOCUMENTATION_COMMENTS = YES;
				CLANG_WARN_EMPTY_BODY = YES;
				CLANG_WARN_ENUM_CONVERSION = YES;
				CLANG_WARN_INFINITE_RECURSION = YES;
				CLANG_WARN_INT_CONVERSION = YES;
				CLANG_WARN_NON_LITERAL_NULL_CONVERSION = YES;
				CLANG_WARN_OBJC_IMPLICIT_RETAIN_SELF = YES;
				CLANG_WARN_OBJC_LITERAL_CONVERSION = YES;
				CLANG_WARN_OBJC_ROOT_CLASS = YES_ERROR;
				CLANG_WARN_QUOTED_INCLUDE_IN_FRAMEWORK_HEADER = YES;
				CLANG_WARN_RANGE_LOOP_ANALYSIS = YES;
				CLANG_WARN_STRICT_PROTOTYPES = YES;
				CLANG_WARN_SUSPICIOUS_MOVE = YES;
				CLANG_WARN_UNGUARDED_AVAILABILITY = YES_AGGRESSIVE;
				CLANG_WARN_UNREACHABLE_CODE = YES;
				CLANG_WARN__DUPLICATE_METHOD_MATCH = YES;
				COPY_PHASE_STRIP = NO;
				DEBUG_INFORMATION_FORMAT = "dwarf-with-dsym";
				ENABLE_NS_ASSERTIONS = NO;
				ENABLE_STRICT_OBJC_MSGSEND = YES;
				GCC_C_LANGUAGE_STANDARD = gnu11;
				GCC_NO_COMMON_BLOCKS = YES;
				GCC_WARN_64_TO_32_BIT_CONVERSION = YES;
				GCC_WARN_ABOUT_RETURN_TYPE = YES_ERROR;
				GCC_WARN_UNDECLARED_SELECTOR = YES;
				GCC_WARN_UNINITIALIZED_AUTOS = YES_AGGRESSIVE;
				GCC_WARN_UNUSED_FUNCTION = YES;
				GCC_WARN_UNUSED_VARIABLE = YES;
				IPHONEOS_DEPLOYMENT_TARGET = 16.0;
				MTL_ENABLE_DEBUG_INFO = NO;
				MTL_FAST_MATH = YES;
				SDKROOT = iphoneos;
				SWIFT_COMPILATION_MODE = wholemodule;
				SWIFT_OPTIMIZATION_LEVEL = "-O";
				VALIDATE_PRODUCT = YES;
			};
			name = Release;
		};
		61DECA9E28EB689C008BE420 /* Debug */ = {
			isa = XCBuildConfiguration;
			baseConfigurationReference = DAE47D79FEDD390727E1ECF8 /* Pods-MarvelExample.debug.xcconfig */;
			buildSettings = {
				ASSETCATALOG_COMPILER_APPICON_NAME = AppIcon;
				ASSETCATALOG_COMPILER_GLOBAL_ACCENT_COLOR_NAME = AccentColor;
				CODE_SIGN_STYLE = Automatic;
				CURRENT_PROJECT_VERSION = 1;
				DEVELOPMENT_TEAM = 579RSDDQRM;
				GENERATE_INFOPLIST_FILE = YES;
				INFOPLIST_FILE = MarvelExample/Info.plist;
				INFOPLIST_KEY_CFBundleDisplayName = Marvel;
				INFOPLIST_KEY_LSApplicationCategoryType = "public.app-category.entertainment";
				INFOPLIST_KEY_UIApplicationSupportsIndirectInputEvents = YES;
				INFOPLIST_KEY_UILaunchStoryboardName = LaunchScreen.storyboard;
				INFOPLIST_KEY_UIMainStoryboardFile = Splash;
				INFOPLIST_KEY_UIStatusBarStyle = UIStatusBarStyleLightContent;
				INFOPLIST_KEY_UISupportedInterfaceOrientations_iPad = "UIInterfaceOrientationPortrait UIInterfaceOrientationPortraitUpsideDown UIInterfaceOrientationLandscapeLeft UIInterfaceOrientationLandscapeRight";
				INFOPLIST_KEY_UISupportedInterfaceOrientations_iPhone = "UIInterfaceOrientationPortrait UIInterfaceOrientationLandscapeLeft UIInterfaceOrientationLandscapeRight";
				LD_RUNPATH_SEARCH_PATHS = (
					"$(inherited)",
					"@executable_path/Frameworks",
				);
				MARKETING_VERSION = 1.0;
				PRODUCT_BUNDLE_IDENTIFIER = com.ldelosheros.MarvelExample;
				PRODUCT_NAME = "$(TARGET_NAME)";
				SWIFT_EMIT_LOC_STRINGS = YES;
				SWIFT_VERSION = 5.0;
				TARGETED_DEVICE_FAMILY = "1,2";
			};
			name = Debug;
		};
		61DECA9F28EB689C008BE420 /* Release */ = {
			isa = XCBuildConfiguration;
			baseConfigurationReference = AE7554B639D7DFD70E45A610 /* Pods-MarvelExample.release.xcconfig */;
			buildSettings = {
				ASSETCATALOG_COMPILER_APPICON_NAME = AppIcon;
				ASSETCATALOG_COMPILER_GLOBAL_ACCENT_COLOR_NAME = AccentColor;
				CODE_SIGN_STYLE = Automatic;
				CURRENT_PROJECT_VERSION = 1;
				DEVELOPMENT_TEAM = 579RSDDQRM;
				GENERATE_INFOPLIST_FILE = YES;
				INFOPLIST_FILE = MarvelExample/Info.plist;
				INFOPLIST_KEY_CFBundleDisplayName = Marvel;
				INFOPLIST_KEY_LSApplicationCategoryType = "public.app-category.entertainment";
				INFOPLIST_KEY_UIApplicationSupportsIndirectInputEvents = YES;
				INFOPLIST_KEY_UILaunchStoryboardName = LaunchScreen.storyboard;
				INFOPLIST_KEY_UIMainStoryboardFile = Splash;
				INFOPLIST_KEY_UIStatusBarStyle = UIStatusBarStyleLightContent;
				INFOPLIST_KEY_UISupportedInterfaceOrientations_iPad = "UIInterfaceOrientationPortrait UIInterfaceOrientationPortraitUpsideDown UIInterfaceOrientationLandscapeLeft UIInterfaceOrientationLandscapeRight";
				INFOPLIST_KEY_UISupportedInterfaceOrientations_iPhone = "UIInterfaceOrientationPortrait UIInterfaceOrientationLandscapeLeft UIInterfaceOrientationLandscapeRight";
				LD_RUNPATH_SEARCH_PATHS = (
					"$(inherited)",
					"@executable_path/Frameworks",
				);
				MARKETING_VERSION = 1.0;
				PRODUCT_BUNDLE_IDENTIFIER = com.ldelosheros.MarvelExample;
				PRODUCT_NAME = "$(TARGET_NAME)";
				SWIFT_EMIT_LOC_STRINGS = YES;
				SWIFT_VERSION = 5.0;
				TARGETED_DEVICE_FAMILY = "1,2";
			};
			name = Release;
		};
		61DECAA128EB689C008BE420 /* Debug */ = {
			isa = XCBuildConfiguration;
			baseConfigurationReference = DAF6629DD93433EA30226C74 /* Pods-MarvelExampleTests.debug.xcconfig */;
			buildSettings = {
				ALWAYS_EMBED_SWIFT_STANDARD_LIBRARIES = YES;
				BUNDLE_LOADER = "$(TEST_HOST)";
				CODE_SIGN_STYLE = Automatic;
				CURRENT_PROJECT_VERSION = 1;
				DEVELOPMENT_TEAM = 579RSDDQRM;
				GENERATE_INFOPLIST_FILE = YES;
				IPHONEOS_DEPLOYMENT_TARGET = 16.0;
				MARKETING_VERSION = 1.0;
				PRODUCT_BUNDLE_IDENTIFIER = com.ldelosheros.MarvelExampleTests;
				PRODUCT_NAME = "$(TARGET_NAME)";
				SWIFT_EMIT_LOC_STRINGS = NO;
				SWIFT_VERSION = 5.0;
				TARGETED_DEVICE_FAMILY = "1,2";
				TEST_HOST = "$(BUILT_PRODUCTS_DIR)/MarvelExample.app/$(BUNDLE_EXECUTABLE_FOLDER_PATH)/MarvelExample";
			};
			name = Debug;
		};
		61DECAA228EB689C008BE420 /* Release */ = {
			isa = XCBuildConfiguration;
			baseConfigurationReference = 16CC2DB93302B8BE09F38F70 /* Pods-MarvelExampleTests.release.xcconfig */;
			buildSettings = {
				ALWAYS_EMBED_SWIFT_STANDARD_LIBRARIES = YES;
				BUNDLE_LOADER = "$(TEST_HOST)";
				CODE_SIGN_STYLE = Automatic;
				CURRENT_PROJECT_VERSION = 1;
				DEVELOPMENT_TEAM = 579RSDDQRM;
				GENERATE_INFOPLIST_FILE = YES;
				IPHONEOS_DEPLOYMENT_TARGET = 16.0;
				MARKETING_VERSION = 1.0;
				PRODUCT_BUNDLE_IDENTIFIER = com.ldelosheros.MarvelExampleTests;
				PRODUCT_NAME = "$(TARGET_NAME)";
				SWIFT_EMIT_LOC_STRINGS = NO;
				SWIFT_VERSION = 5.0;
				TARGETED_DEVICE_FAMILY = "1,2";
				TEST_HOST = "$(BUILT_PRODUCTS_DIR)/MarvelExample.app/$(BUNDLE_EXECUTABLE_FOLDER_PATH)/MarvelExample";
			};
			name = Release;
		};
		61DECAA428EB689C008BE420 /* Debug */ = {
			isa = XCBuildConfiguration;
			baseConfigurationReference = E74EB0BFB4E6CB2C8E291DD0 /* Pods-MarvelExample-MarvelExampleUITests.debug.xcconfig */;
			buildSettings = {
				ALWAYS_EMBED_SWIFT_STANDARD_LIBRARIES = YES;
				CODE_SIGN_STYLE = Automatic;
				CURRENT_PROJECT_VERSION = 1;
				DEVELOPMENT_TEAM = 579RSDDQRM;
				GENERATE_INFOPLIST_FILE = YES;
				MARKETING_VERSION = 1.0;
				PRODUCT_BUNDLE_IDENTIFIER = com.ldelosheros.MarvelExampleUITests;
				PRODUCT_NAME = "$(TARGET_NAME)";
				SWIFT_EMIT_LOC_STRINGS = NO;
				SWIFT_VERSION = 5.0;
				TARGETED_DEVICE_FAMILY = "1,2";
				TEST_TARGET_NAME = MarvelExample;
			};
			name = Debug;
		};
		61DECAA528EB689C008BE420 /* Release */ = {
			isa = XCBuildConfiguration;
			baseConfigurationReference = D725681A2271BCA013B562CB /* Pods-MarvelExample-MarvelExampleUITests.release.xcconfig */;
			buildSettings = {
				ALWAYS_EMBED_SWIFT_STANDARD_LIBRARIES = YES;
				CODE_SIGN_STYLE = Automatic;
				CURRENT_PROJECT_VERSION = 1;
				DEVELOPMENT_TEAM = 579RSDDQRM;
				GENERATE_INFOPLIST_FILE = YES;
				MARKETING_VERSION = 1.0;
				PRODUCT_BUNDLE_IDENTIFIER = com.ldelosheros.MarvelExampleUITests;
				PRODUCT_NAME = "$(TARGET_NAME)";
				SWIFT_EMIT_LOC_STRINGS = NO;
				SWIFT_VERSION = 5.0;
				TARGETED_DEVICE_FAMILY = "1,2";
				TEST_TARGET_NAME = MarvelExample;
			};
			name = Release;
		};
/* End XCBuildConfiguration section */

/* Begin XCConfigurationList section */
		61DECA6E28EB689B008BE420 /* Build configuration list for PBXProject "MarvelExample" */ = {
			isa = XCConfigurationList;
			buildConfigurations = (
				61DECA9B28EB689C008BE420 /* Debug */,
				61DECA9C28EB689C008BE420 /* Release */,
			);
			defaultConfigurationIsVisible = 0;
			defaultConfigurationName = Release;
		};
		61DECA9D28EB689C008BE420 /* Build configuration list for PBXNativeTarget "MarvelExample" */ = {
			isa = XCConfigurationList;
			buildConfigurations = (
				61DECA9E28EB689C008BE420 /* Debug */,
				61DECA9F28EB689C008BE420 /* Release */,
			);
			defaultConfigurationIsVisible = 0;
			defaultConfigurationName = Release;
		};
		61DECAA028EB689C008BE420 /* Build configuration list for PBXNativeTarget "MarvelExampleTests" */ = {
			isa = XCConfigurationList;
			buildConfigurations = (
				61DECAA128EB689C008BE420 /* Debug */,
				61DECAA228EB689C008BE420 /* Release */,
			);
			defaultConfigurationIsVisible = 0;
			defaultConfigurationName = Release;
		};
		61DECAA328EB689C008BE420 /* Build configuration list for PBXNativeTarget "MarvelExampleUITests" */ = {
			isa = XCConfigurationList;
			buildConfigurations = (
				61DECAA428EB689C008BE420 /* Debug */,
				61DECAA528EB689C008BE420 /* Release */,
			);
			defaultConfigurationIsVisible = 0;
			defaultConfigurationName = Release;
		};
/* End XCConfigurationList section */
	};
	rootObject = 61DECA6B28EB689B008BE420 /* Project object */;
}
